{
  "requires": true,
  "lockfileVersion": 1,
  "dependencies": {
    "json-graph-specification": {
      "version": "1.0.0",
      "resolved": "https://registry.npmjs.org/json-graph-specification/-/json-graph-specification-1.0.0.tgz",
      "integrity": "sha1-HzrGREfUMi3WhqGE3M5O+RjMOMw="
    }
  }
}
